
Microsoft Visual Studio Solution File, Format Version 12.00
# Visual Studio 15
VisualStudioVersion = 15.0.28307.271
MinimumVisualStudioVersion = 10.0.40219.1
Project("{FAE04EC0-301F-11D3-BF4B-00C04F79EFBC}") = "ExerciceObserver", "ExerciceObserver\ExerciceObserver.csproj", "{BE821186-0B7E-4914-91B6-DD6A88E9A161}"
EndProject
Global
	GlobalSection(SolutionConfigurationPlatforms) = preSolution
		Debug|Any CPU = Debug|Any CPU
		Release|Any CPU = Release|Any CPU
	EndGlobalSection
	GlobalSection(ProjectConfigurationPlatforms) = postSolution
		{BE821186-0B7E-4914-91B6-DD6A88E9A161}.Debug|Any CPU.ActiveCfg = Debug|Any CPU
		{BE821186-0B7E-4914-91B6-DD6A88E9A161}.Debug|Any CPU.Build.0 = Debug|Any CPU
		{BE821186-0B7E-4914-91B6-DD6A88E9A161}.Release|Any CPU.ActiveCfg = Release|Any CPU
		{BE821186-0B7E-4914-91B6-DD6A88E9A161}.Release|Any CPU.Build.0 = Release|Any CPU
	EndGlobalSection
	GlobalSection(SolutionProperties) = preSolution
		HideSolutionNode = FALSE
	EndGlobalSection
	GlobalSection(ExtensibilityGlobals) = postSolution
		SolutionGuid = {4D9EAA58-F992-40BD-80EF-A03105766FF3}
	EndGlobalSection
EndGlobal
