
Microsoft Visual Studio Solution File, Format Version 12.00
# Visual Studio 15
VisualStudioVersion = 15.0.27130.2024
MinimumVisualStudioVersion = 10.0.40219.1
Project("{FAE04EC0-301F-11D3-BF4B-00C04F79EFBC}") = "Combat(Tp4)", "Combat(Tp4)\Combat(Tp4).csproj", "{51BC5E37-49F9-406E-9901-3FFD33D478C1}"
EndProject
Global
	GlobalSection(SolutionConfigurationPlatforms) = preSolution
		Debug|Any CPU = Debug|Any CPU
		Release|Any CPU = Release|Any CPU
	EndGlobalSection
	GlobalSection(ProjectConfigurationPlatforms) = postSolution
		{51BC5E37-49F9-406E-9901-3FFD33D478C1}.Debug|Any CPU.ActiveCfg = Debug|Any CPU
		{51BC5E37-49F9-406E-9901-3FFD33D478C1}.Debug|Any CPU.Build.0 = Debug|Any CPU
		{51BC5E37-49F9-406E-9901-3FFD33D478C1}.Release|Any CPU.ActiveCfg = Release|Any CPU
		{51BC5E37-49F9-406E-9901-3FFD33D478C1}.Release|Any CPU.Build.0 = Release|Any CPU
	EndGlobalSection
	GlobalSection(SolutionProperties) = preSolution
		HideSolutionNode = FALSE
	EndGlobalSection
	GlobalSection(ExtensibilityGlobals) = postSolution
		SolutionGuid = {7CE984BB-64CF-41F0-9175-875C5EBA2831}
	EndGlobalSection
EndGlobal
