
Microsoft Visual Studio Solution File, Format Version 12.00
# Visual Studio 15
VisualStudioVersion = 15.0.28307.271
MinimumVisualStudioVersion = 10.0.40219.1
Project("{FAE04EC0-301F-11D3-BF4B-00C04F79EFBC}") = "FactoryMethod", "FactoryMethod\FactoryMethod.csproj", "{98A9BD50-4DA6-49E2-8D4E-DAEB17273920}"
EndProject
Global
	GlobalSection(SolutionConfigurationPlatforms) = preSolution
		Debug|Any CPU = Debug|Any CPU
		Release|Any CPU = Release|Any CPU
	EndGlobalSection
	GlobalSection(ProjectConfigurationPlatforms) = postSolution
		{98A9BD50-4DA6-49E2-8D4E-DAEB17273920}.Debug|Any CPU.ActiveCfg = Debug|Any CPU
		{98A9BD50-4DA6-49E2-8D4E-DAEB17273920}.Debug|Any CPU.Build.0 = Debug|Any CPU
		{98A9BD50-4DA6-49E2-8D4E-DAEB17273920}.Release|Any CPU.ActiveCfg = Release|Any CPU
		{98A9BD50-4DA6-49E2-8D4E-DAEB17273920}.Release|Any CPU.Build.0 = Release|Any CPU
	EndGlobalSection
	GlobalSection(SolutionProperties) = preSolution
		HideSolutionNode = FALSE
	EndGlobalSection
	GlobalSection(ExtensibilityGlobals) = postSolution
		SolutionGuid = {3907E715-ED82-4806-9FF9-DE77944ECDEB}
	EndGlobalSection
EndGlobal
